
Microsoft Visual Studio Solution File, Format Version 12.00
# Visual Studio Version 17
VisualStudioVersion = 17.7.34003.232
MinimumVisualStudioVersion = 10.0.40219.1
Project("{9A19103F-16F7-4668-BE54-9A1E7A4F7556}") = "MyChaoLoveStory", "src\MyChaoLoveStory.csproj", "{B4CB667D-DD05-4035-B39B-FC0F99D4E365}"
EndProject
Project("{2150E333-8FDC-42A3-9474-1A3956D46DE8}") = "Solution Files", "Solution Files", "{3B0CA3D1-9DAE-40B5-83C0-3D64F04940A1}"
	ProjectSection(SolutionItems) = preProject
		.gitattributes = .gitattributes
		.gitignore = .gitignore
		LICENSE.txt = LICENSE.txt
		README.md = README.md
	EndProjectSection
EndProject
Global
	GlobalSection(SolutionConfigurationPlatforms) = preSolution
		Debug|Any CPU = Debug|Any CPU
		Release|Any CPU = Release|Any CPU
	EndGlobalSection
	GlobalSection(ProjectConfigurationPlatforms) = postSolution
		{B4CB667D-DD05-4035-B39B-FC0F99D4E365}.Debug|Any CPU.ActiveCfg = Debug|Any CPU
		{B4CB667D-DD05-4035-B39B-FC0F99D4E365}.Debug|Any CPU.Build.0 = Debug|Any CPU
		{B4CB667D-DD05-4035-B39B-FC0F99D4E365}.Release|Any CPU.ActiveCfg = Release|Any CPU
		{B4CB667D-DD05-4035-B39B-FC0F99D4E365}.Release|Any CPU.Build.0 = Release|Any CPU
	EndGlobalSection
	GlobalSection(SolutionProperties) = preSolution
		HideSolutionNode = FALSE
	EndGlobalSection
	GlobalSection(ExtensibilityGlobals) = postSolution
		SolutionGuid = {886C0C60-49C7-46F9-8379-828F5A627DAE}
	EndGlobalSection
EndGlobal
